{
  "R": {
    "Version": "4.4.0",
    "Repositories": [
      {
        "Name": "CRAN",
        "URL": "https://cran.csiro.au"
      }
    ]
  },
  "Packages": {
    "cli": {
      "Package": "cli",
      "Version": "3.6.3",
      "Source": "Repository",
      "Repository": "CRAN",
      "Requirements": [
        "R",
        "utils"
      ],
      "Hash": "b21916dd77a27642b447374a5d30ecf3"
    },
    "data.table": {
      "Package": "data.table",
      "Version": "1.16.99",
      "Source": "unknown",
      "Requirements": [
        "R",
        "methods"
      ],
      "Hash": "de1f7085ac6c47beb9c88a39f59c36c2"
    },
    "renv": {
      "Package": "renv",
      "Version": "1.0.11",
      "Source": "Repository",
      "Repository": "CRAN",
      "Requirements": [
        "utils"
      ],
      "Hash": "47623f66b4e80b3b0587bc5d7b309888"
    }
  }
}
